# THIS IS AN AUTOGENERATED FILE. DO NOT EDIT THIS FILE DIRECTLY.
# yarn lockfile v1


browser-router@^0.2.0:
  version "0.2.0"
  resolved "https://registry.yarnpkg.com/browser-router/-/browser-router-0.2.0.tgz#d9c8b265d14df48887c4b5c0bf9294b35b7915af"
  integrity sha1-2ciyZdFN9IiHxLXAv5KUs1t5Fa8=
  dependencies:
    query-string "~0.1.1"
    underscore "~1.5.2"

query-string@~0.1.1:
  version "0.1.1"
  resolved "https://registry.yarnpkg.com/query-string/-/query-string-0.1.1.tgz#29b0b212dc8df7782143437e11f88650b07f8d07"
  integrity sha1-KbCyEtyN93ghQ0N+EfiGULB/jQc=

underscore@~1.5.2:
  version "1.5.2"
  resolved "https://registry.yarnpkg.com/underscore/-/underscore-1.5.2.tgz#1335c5e4f5e6d33bbb4b006ba8c86a00f556de08"
  integrity sha1-EzXF5PXm0zu7SwBrqMhqAPVW3gg=
