{
  "name": "notes",
  "version": "0.1.0",
  "lockfileVersion": 1,
  "requires": true,
  "dependencies": {
    "@types/sortablejs": {
      "version": "1.7.0",
      "resolved": "https://registry.npmjs.org/@types/sortablejs/-/sortablejs-1.7.0.tgz",
      "integrity": "sha512-VVsUcV+c3SEUqoLcP43zEkZArKulFK+NH2su9ZqWyzI9ZRZCVjQMdJh2H8LASnHzWxatpCzIfIyCT8B64ZDbMw==",
      "dev": true
    }
  }
}
